
Microsoft Visual Studio Solution File, Format Version 12.00
# Visual Studio Version 16
VisualStudioVersion = 16.0.29209.152
MinimumVisualStudioVersion = 10.0.40219.1
Project("{9A19103F-16F7-4668-BE54-9A1E7A4F7556}") = "Oqtane.Theme.Bootswatch", "Oqtane.Theme.Bootswatch.csproj", "{F4A23ABD-6DAB-4329-91DA-9F445B343E6B}"
EndProject
Global
	GlobalSection(SolutionConfigurationPlatforms) = preSolution
		Debug|Any CPU = Debug|Any CPU
		Release|Any CPU = Release|Any CPU
	EndGlobalSection
	GlobalSection(ProjectConfigurationPlatforms) = postSolution
		{F4A23ABD-6DAB-4329-91DA-9F445B343E6B}.Debug|Any CPU.ActiveCfg = Debug|Any CPU
		{F4A23ABD-6DAB-4329-91DA-9F445B343E6B}.Debug|Any CPU.Build.0 = Debug|Any CPU
		{F4A23ABD-6DAB-4329-91DA-9F445B343E6B}.Release|Any CPU.ActiveCfg = Release|Any CPU
		{F4A23ABD-6DAB-4329-91DA-9F445B343E6B}.Release|Any CPU.Build.0 = Release|Any CPU
	EndGlobalSection
	GlobalSection(SolutionProperties) = preSolution
		HideSolutionNode = FALSE
	EndGlobalSection
	GlobalSection(ExtensibilityGlobals) = postSolution
		SolutionGuid = {3FB8FB98-47E3-4877-B611-7125FEDB8D46}
	EndGlobalSection
EndGlobal
